// !$*UTF8*$!
{
	archiveVersion = 1;
	classes = {
	};
	objectVersion = 50;
	objects = {

/* Begin PBXBuildFile section */
		EC77D1E422D5E7F70095D3D4 /* ApodRequest.swift in Sources */ = {isa = PBXBuildFile; fileRef = EC77D1E322D5E7F60095D3D4 /* ApodRequest.swift */; };
		EC77D1E622D5EF870095D3D4 /* AsyncImage.swift in Sources */ = {isa = PBXBuildFile; fileRef = EC77D1E522D5EF870095D3D4 /* AsyncImage.swift */; };
		ECC7DF0322D4D62B00D583A1 /* AppDelegate.swift in Sources */ = {isa = PBXBuildFile; fileRef = ECC7DF0222D4D62B00D583A1 /* AppDelegate.swift */; };
		ECC7DF0522D4D62B00D583A1 /* SceneDelegate.swift in Sources */ = {isa = PBXBuildFile; fileRef = ECC7DF0422D4D62B00D583A1 /* SceneDelegate.swift */; };
		ECC7DF0722D4D62B00D583A1 /* ContentView.swift in Sources */ = {isa = PBXBuildFile; fileRef = ECC7DF0622D4D62B00D583A1 /* ContentView.swift */; };
		ECC7DF0922D4D62F00D583A1 /* Assets.xcassets in Resources */ = {isa = PBXBuildFile; fileRef = ECC7DF0822D4D62F00D583A1 /* Assets.xcassets */; };
		ECC7DF0C22D4D62F00D583A1 /* Preview Assets.xcassets in Resources */ = {isa = PBXBuildFile; fileRef = ECC7DF0B22D4D62F00D583A1 /* Preview Assets.xcassets */; };
		ECC7DF0F22D4D62F00D583A1 /* LaunchScreen.storyboard in Resources */ = {isa = PBXBuildFile; fileRef = ECC7DF0D22D4D62F00D583A1 /* LaunchScreen.storyboard */; };
		ECC7DF1B22D4D6E200D583A1 /* ApodBlockView.swift in Sources */ = {isa = PBXBuildFile; fileRef = ECC7DF1A22D4D6E200D583A1 /* ApodBlockView.swift */; };
		ECC7DF1E22D4D80C00D583A1 /* ApodResult.swift in Sources */ = {isa = PBXBuildFile; fileRef = ECC7DF1D22D4D80C00D583A1 /* ApodResult.swift */; };
		ECC7DF2022D4D8A800D583A1 /* UserData.swift in Sources */ = {isa = PBXBuildFile; fileRef = ECC7DF1F22D4D8A800D583A1 /* UserData.swift */; };
		ECC8282222D637A2001F38A3 /* ApodModalView.swift in Sources */ = {isa = PBXBuildFile; fileRef = ECC8282122D637A2001F38A3 /* ApodModalView.swift */; };
		ECC8282422D71775001F38A3 /* WaterfallView.swift in Sources */ = {isa = PBXBuildFile; fileRef = ECC8282322D71775001F38A3 /* WaterfallView.swift */; };
		ECC8282622D71A50001F38A3 /* SettingView.swift in Sources */ = {isa = PBXBuildFile; fileRef = ECC8282522D71A50001F38A3 /* SettingView.swift */; };
		ECC8282822D78BC8001F38A3 /* WebView.swift in Sources */ = {isa = PBXBuildFile; fileRef = ECC8282722D78BC8001F38A3 /* WebView.swift */; };
/* End PBXBuildFile section */

/* Begin PBXFileReference section */
		EC77D1E322D5E7F60095D3D4 /* ApodRequest.swift */ = {isa = PBXFileReference; lastKnownFileType = sourcecode.swift; path = ApodRequest.swift; sourceTree = "<group>"; };
		EC77D1E522D5EF870095D3D4 /* AsyncImage.swift */ = {isa = PBXFileReference; lastKnownFileType = sourcecode.swift; path = AsyncImage.swift; sourceTree = "<group>"; };
		ECC7DEFF22D4D62B00D583A1 /* Apod-SwiftUI.app */ = {isa = PBXFileReference; explicitFileType = wrapper.application; includeInIndex = 0; path = "Apod-SwiftUI.app"; sourceTree = BUILT_PRODUCTS_DIR; };
		ECC7DF0222D4D62B00D583A1 /* AppDelegate.swift */ = {isa = PBXFileReference; lastKnownFileType = sourcecode.swift; path = AppDelegate.swift; sourceTree = "<group>"; };
		ECC7DF0422D4D62B00D583A1 /* SceneDelegate.swift */ = {isa = PBXFileReference; lastKnownFileType = sourcecode.swift; path = SceneDelegate.swift; sourceTree = "<group>"; };
		ECC7DF0622D4D62B00D583A1 /* ContentView.swift */ = {isa = PBXFileReference; lastKnownFileType = sourcecode.swift; path = ContentView.swift; sourceTree = "<group>"; };
		ECC7DF0822D4D62F00D583A1 /* Assets.xcassets */ = {isa = PBXFileReference; lastKnownFileType = folder.assetcatalog; path = Assets.xcassets; sourceTree = "<group>"; };
		ECC7DF0B22D4D62F00D583A1 /* Preview Assets.xcassets */ = {isa = PBXFileReference; lastKnownFileType = folder.assetcatalog; path = "Preview Assets.xcassets"; sourceTree = "<group>"; };
		ECC7DF0E22D4D62F00D583A1 /* Base */ = {isa = PBXFileReference; lastKnownFileType = file.storyboard; name = Base; path = Base.lproj/LaunchScreen.storyboard; sourceTree = "<group>"; };
		ECC7DF1022D4D62F00D583A1 /* Info.plist */ = {isa = PBXFileReference; lastKnownFileType = text.plist.xml; path = Info.plist; sourceTree = "<group>"; };
		ECC7DF1A22D4D6E200D583A1 /* ApodBlockView.swift */ = {isa = PBXFileReference; lastKnownFileType = sourcecode.swift; path = ApodBlockView.swift; sourceTree = "<group>"; };
		ECC7DF1D22D4D80C00D583A1 /* ApodResult.swift */ = {isa = PBXFileReference; lastKnownFileType = sourcecode.swift; path = ApodResult.swift; sourceTree = "<group>"; };
		ECC7DF1F22D4D8A800D583A1 /* UserData.swift */ = {isa = PBXFileReference; lastKnownFileType = sourcecode.swift; path = UserData.swift; sourceTree = "<group>"; };
		ECC8282122D637A2001F38A3 /* ApodModalView.swift */ = {isa = PBXFileReference; lastKnownFileType = sourcecode.swift; path = ApodModalView.swift; sourceTree = "<group>"; };
		ECC8282322D71775001F38A3 /* WaterfallView.swift */ = {isa = PBXFileReference; lastKnownFileType = sourcecode.swift; path = WaterfallView.swift; sourceTree = "<group>"; };
		ECC8282522D71A50001F38A3 /* SettingView.swift */ = {isa = PBXFileReference; lastKnownFileType = sourcecode.swift; path = SettingView.swift; sourceTree = "<group>"; };
		ECC8282722D78BC8001F38A3 /* WebView.swift */ = {isa = PBXFileReference; lastKnownFileType = sourcecode.swift; path = WebView.swift; sourceTree = "<group>"; };
/* End PBXFileReference section */

/* Begin PBXFrameworksBuildPhase section */
		ECC7DEFC22D4D62B00D583A1 /* Frameworks */ = {
			isa = PBXFrameworksBuildPhase;
			buildActionMask = 2147483647;
			files = (
			);
			runOnlyForDeploymentPostprocessing = 0;
		};
/* End PBXFrameworksBuildPhase section */

/* Begin PBXGroup section */
		ECC7DEF622D4D62B00D583A1 = {
			isa = PBXGroup;
			children = (
				ECC7DF0122D4D62B00D583A1 /* Apod-SwiftUI */,
				ECC7DF0022D4D62B00D583A1 /* Products */,
			);
			sourceTree = "<group>";
		};
		ECC7DF0022D4D62B00D583A1 /* Products */ = {
			isa = PBXGroup;
			children = (
				ECC7DEFF22D4D62B00D583A1 /* Apod-SwiftUI.app */,
			);
			name = Products;
			sourceTree = "<group>";
		};
		ECC7DF0122D4D62B00D583A1 /* Apod-SwiftUI */ = {
			isa = PBXGroup;
			children = (
				ECC7DF1C22D4D78A00D583A1 /* Models */,
				ECC7DF1922D4D6CB00D583A1 /* Views */,
				ECC7DF2522D4E51900D583A1 /* Support Views */,
				ECC7DF0222D4D62B00D583A1 /* AppDelegate.swift */,
				ECC7DF0422D4D62B00D583A1 /* SceneDelegate.swift */,
				ECC7DF0622D4D62B00D583A1 /* ContentView.swift */,
				ECC7DF0822D4D62F00D583A1 /* Assets.xcassets */,
				ECC7DF0D22D4D62F00D583A1 /* LaunchScreen.storyboard */,
				ECC7DF1022D4D62F00D583A1 /* Info.plist */,
				ECC7DF0A22D4D62F00D583A1 /* Preview Content */,
			);
			path = "Apod-SwiftUI";
			sourceTree = "<group>";
		};
		ECC7DF0A22D4D62F00D583A1 /* Preview Content */ = {
			isa = PBXGroup;
			children = (
				ECC7DF0B22D4D62F00D583A1 /* Preview Assets.xcassets */,
			);
			path = "Preview Content";
			sourceTree = "<group>";
		};
		ECC7DF1922D4D6CB00D583A1 /* Views */ = {
			isa = PBXGroup;
			children = (
				ECC7DF1A22D4D6E200D583A1 /* ApodBlockView.swift */,
				ECC8282122D637A2001F38A3 /* ApodModalView.swift */,
				ECC8282322D71775001F38A3 /* WaterfallView.swift */,
				ECC8282522D71A50001F38A3 /* SettingView.swift */,
			);
			path = Views;
			sourceTree = "<group>";
		};
		ECC7DF1C22D4D78A00D583A1 /* Models */ = {
			isa = PBXGroup;
			children = (
				ECC7DF1D22D4D80C00D583A1 /* ApodResult.swift */,
				EC77D1E322D5E7F60095D3D4 /* ApodRequest.swift */,
				ECC7DF1F22D4D8A800D583A1 /* UserData.swift */,
			);
			path = Models;
			sourceTree = "<group>";
		};
		ECC7DF2522D4E51900D583A1 /* Support Views */ = {
			isa = PBXGroup;
			children = (
				EC77D1E522D5EF870095D3D4 /* AsyncImage.swift */,
				ECC8282722D78BC8001F38A3 /* WebView.swift */,
			);
			path = "Support Views";
			sourceTree = "<group>";
		};
/* End PBXGroup section */

/* Begin PBXNativeTarget section */
		ECC7DEFE22D4D62B00D583A1 /* Apod-SwiftUI */ = {
			isa = PBXNativeTarget;
			buildConfigurationList = ECC7DF1322D4D62F00D583A1 /* Build configuration list for PBXNativeTarget "Apod-SwiftUI" */;
			buildPhases = (
				ECC7DEFB22D4D62B00D583A1 /* Sources */,
				ECC7DEFC22D4D62B00D583A1 /* Frameworks */,
				ECC7DEFD22D4D62B00D583A1 /* Resources */,
			);
			buildRules = (
			);
			dependencies = (
			);
			name = "Apod-SwiftUI";
			productName = "Apod-SwiftUI";
			productReference = ECC7DEFF22D4D62B00D583A1 /* Apod-SwiftUI.app */;
			productType = "com.apple.product-type.application";
		};
/* End PBXNativeTarget section */

/* Begin PBXProject section */
		ECC7DEF722D4D62B00D583A1 /* Project object */ = {
			isa = PBXProject;
			attributes = {
				LastSwiftUpdateCheck = 1100;
				LastUpgradeCheck = 1100;
				ORGANIZATIONNAME = LiangYi;
				TargetAttributes = {
					ECC7DEFE22D4D62B00D583A1 = {
						CreatedOnToolsVersion = 11.0;
					};
				};
			};
			buildConfigurationList = ECC7DEFA22D4D62B00D583A1 /* Build configuration list for PBXProject "Apod-SwiftUI" */;
			compatibilityVersion = "Xcode 9.3";
			developmentRegion = en;
			hasScannedForEncodings = 0;
			knownRegions = (
				en,
				Base,
			);
			mainGroup = ECC7DEF622D4D62B00D583A1;
			productRefGroup = ECC7DF0022D4D62B00D583A1 /* Products */;
			projectDirPath = "";
			projectRoot = "";
			targets = (
				ECC7DEFE22D4D62B00D583A1 /* Apod-SwiftUI */,
			);
		};
/* End PBXProject section */

/* Begin PBXResourcesBuildPhase section */
		ECC7DEFD22D4D62B00D583A1 /* Resources */ = {
			isa = PBXResourcesBuildPhase;
			buildActionMask = 2147483647;
			files = (
				ECC7DF0F22D4D62F00D583A1 /* LaunchScreen.storyboard in Resources */,
				ECC7DF0C22D4D62F00D583A1 /* Preview Assets.xcassets in Resources */,
				ECC7DF0922D4D62F00D583A1 /* Assets.xcassets in Resources */,
			);
			runOnlyForDeploymentPostprocessing = 0;
		};
/* End PBXResourcesBuildPhase section */

/* Begin PBXSourcesBuildPhase section */
		ECC7DEFB22D4D62B00D583A1 /* Sources */ = {
			isa = PBXSourcesBuildPhase;
			buildActionMask = 2147483647;
			files = (
				ECC7DF2022D4D8A800D583A1 /* UserData.swift in Sources */,
				EC77D1E622D5EF870095D3D4 /* AsyncImage.swift in Sources */,
				EC77D1E422D5E7F70095D3D4 /* ApodRequest.swift in Sources */,
				ECC7DF1B22D4D6E200D583A1 /* ApodBlockView.swift in Sources */,
				ECC7DF0322D4D62B00D583A1 /* AppDelegate.swift in Sources */,
				ECC8282222D637A2001F38A3 /* ApodModalView.swift in Sources */,
				ECC7DF0522D4D62B00D583A1 /* SceneDelegate.swift in Sources */,
				ECC7DF0722D4D62B00D583A1 /* ContentView.swift in Sources */,
				ECC7DF1E22D4D80C00D583A1 /* ApodResult.swift in Sources */,
				ECC8282822D78BC8001F38A3 /* WebView.swift in Sources */,
				ECC8282422D71775001F38A3 /* WaterfallView.swift in Sources */,
				ECC8282622D71A50001F38A3 /* SettingView.swift in Sources */,
			);
			runOnlyForDeploymentPostprocessing = 0;
		};
/* End PBXSourcesBuildPhase section */

/* Begin PBXVariantGroup section */
		ECC7DF0D22D4D62F00D583A1 /* LaunchScreen.storyboard */ = {
			isa = PBXVariantGroup;
			children = (
				ECC7DF0E22D4D62F00D583A1 /* Base */,
			);
			name = LaunchScreen.storyboard;
			sourceTree = "<group>";
		};
/* End PBXVariantGroup section */

/* Begin XCBuildConfiguration section */
		ECC7DF1122D4D62F00D583A1 /* Debug */ = {
			isa = XCBuildConfiguration;
			buildSettings = {
				ALWAYS_SEARCH_USER_PATHS = NO;
				CLANG_ANALYZER_NONNULL = YES;
				CLANG_ANALYZER_NUMBER_OBJECT_CONVERSION = YES_AGGRESSIVE;
				CLANG_CXX_LANGUAGE_STANDARD = "gnu++14";
				CLANG_CXX_LIBRARY = "libc++";
				CLANG_ENABLE_MODULES = YES;
				CLANG_ENABLE_OBJC_ARC = YES;
				CLANG_ENABLE_OBJC_WEAK = YES;
				CLANG_WARN_BLOCK_CAPTURE_AUTORELEASING = YES;
				CLANG_WARN_BOOL_CONVERSION = YES;
				CLANG_WARN_COMMA = YES;
				CLANG_WARN_CONSTANT_CONVERSION = YES;
				CLANG_WARN_DEPRECATED_OBJC_IMPLEMENTATIONS = YES;
				CLANG_WARN_DIRECT_OBJC_ISA_USAGE = YES_ERROR;
				CLANG_WARN_DOCUMENTATION_COMMENTS = YES;
				CLANG_WARN_EMPTY_BODY = YES;
				CLANG_WARN_ENUM_CONVERSION = YES;
				CLANG_WARN_INFINITE_RECURSION = YES;
				CLANG_WARN_INT_CONVERSION = YES;
				CLANG_WARN_NON_LITERAL_NULL_CONVERSION = YES;
				CLANG_WARN_OBJC_IMPLICIT_RETAIN_SELF = YES;
				CLANG_WARN_OBJC_LITERAL_CONVERSION = YES;
				CLANG_WARN_OBJC_ROOT_CLASS = YES_ERROR;
				CLANG_WARN_RANGE_LOOP_ANALYSIS = YES;
				CLANG_WARN_STRICT_PROTOTYPES = YES;
				CLANG_WARN_SUSPICIOUS_MOVE = YES;
				CLANG_WARN_UNGUARDED_AVAILABILITY = YES_AGGRESSIVE;
				CLANG_WARN_UNREACHABLE_CODE = YES;
				CLANG_WARN__DUPLICATE_METHOD_MATCH = YES;
				COPY_PHASE_STRIP = NO;
				DEBUG_INFORMATION_FORMAT = dwarf;
				ENABLE_STRICT_OBJC_MSGSEND = YES;
				ENABLE_TESTABILITY = YES;
				GCC_C_LANGUAGE_STANDARD = gnu11;
				GCC_DYNAMIC_NO_PIC = NO;
				GCC_NO_COMMON_BLOCKS = YES;
				GCC_OPTIMIZATION_LEVEL = 0;
				GCC_PREPROCESSOR_DEFINITIONS = (
					"DEBUG=1",
					"$(inherited)",
				);
				GCC_WARN_64_TO_32_BIT_CONVERSION = YES;
				GCC_WARN_ABOUT_RETURN_TYPE = YES_ERROR;
				GCC_WARN_UNDECLARED_SELECTOR = YES;
				GCC_WARN_UNINITIALIZED_AUTOS = YES_AGGRESSIVE;
				GCC_WARN_UNUSED_FUNCTION = YES;
				GCC_WARN_UNUSED_VARIABLE = YES;
				IPHONEOS_DEPLOYMENT_TARGET = 13.0;
				MTL_ENABLE_DEBUG_INFO = INCLUDE_SOURCE;
				MTL_FAST_MATH = YES;
				ONLY_ACTIVE_ARCH = YES;
				SDKROOT = iphoneos;
				SWIFT_ACTIVE_COMPILATION_CONDITIONS = DEBUG;
				SWIFT_OPTIMIZATION_LEVEL = "-Onone";
			};
			name = Debug;
		};
		ECC7DF1222D4D62F00D583A1 /* Release */ = {
			isa = XCBuildConfiguration;
			buildSettings = {
				ALWAYS_SEARCH_USER_PATHS = NO;
				CLANG_ANALYZER_NONNULL = YES;
				CLANG_ANALYZER_NUMBER_OBJECT_CONVERSION = YES_AGGRESSIVE;
				CLANG_CXX_LANGUAGE_STANDARD = "gnu++14";
				CLANG_CXX_LIBRARY = "libc++";
				CLANG_ENABLE_MODULES = YES;
				CLANG_ENABLE_OBJC_ARC = YES;
				CLANG_ENABLE_OBJC_WEAK = YES;
				CLANG_WARN_BLOCK_CAPTURE_AUTORELEASING = YES;
				CLANG_WARN_BOOL_CONVERSION = YES;
				CLANG_WARN_COMMA = YES;
				CLANG_WARN_CONSTANT_CONVERSION = YES;
				CLANG_WARN_DEPRECATED_OBJC_IMPLEMENTATIONS = YES;
				CLANG_WARN_DIRECT_OBJC_ISA_USAGE = YES_ERROR;
				CLANG_WARN_DOCUMENTATION_COMMENTS = YES;
				CLANG_WARN_EMPTY_BODY = YES;
				CLANG_WARN_ENUM_CONVERSION = YES;
				CLANG_WARN_INFINITE_RECURSION = YES;
				CLANG_WARN_INT_CONVERSION = YES;
				CLANG_WARN_NON_LITERAL_NULL_CONVERSION = YES;
				CLANG_WARN_OBJC_IMPLICIT_RETAIN_SELF = YES;
				CLANG_WARN_OBJC_LITERAL_CONVERSION = YES;
				CLANG_WARN_OBJC_ROOT_CLASS = YES_ERROR;
				CLANG_WARN_RANGE_LOOP_ANALYSIS = YES;
				CLANG_WARN_STRICT_PROTOTYPES = YES;
				CLANG_WARN_SUSPICIOUS_MOVE = YES;
				CLANG_WARN_UNGUARDED_AVAILABILITY = YES_AGGRESSIVE;
				CLANG_WARN_UNREACHABLE_CODE = YES;
				CLANG_WARN__DUPLICATE_METHOD_MATCH = YES;
				COPY_PHASE_STRIP = NO;
				DEBUG_INFORMATION_FORMAT = "dwarf-with-dsym";
				ENABLE_NS_ASSERTIONS = NO;
				ENABLE_STRICT_OBJC_MSGSEND = YES;
				GCC_C_LANGUAGE_STANDARD = gnu11;
				GCC_NO_COMMON_BLOCKS = YES;
				GCC_WARN_64_TO_32_BIT_CONVERSION = YES;
				GCC_WARN_ABOUT_RETURN_TYPE = YES_ERROR;
				GCC_WARN_UNDECLARED_SELECTOR = YES;
				GCC_WARN_UNINITIALIZED_AUTOS = YES_AGGRESSIVE;
				GCC_WARN_UNUSED_FUNCTION = YES;
				GCC_WARN_UNUSED_VARIABLE = YES;
				IPHONEOS_DEPLOYMENT_TARGET = 13.0;
				MTL_ENABLE_DEBUG_INFO = NO;
				MTL_FAST_MATH = YES;
				SDKROOT = iphoneos;
				SWIFT_COMPILATION_MODE = wholemodule;
				SWIFT_OPTIMIZATION_LEVEL = "-O";
				VALIDATE_PRODUCT = YES;
			};
			name = Release;
		};
		ECC7DF1422D4D62F00D583A1 /* Debug */ = {
			isa = XCBuildConfiguration;
			buildSettings = {
				ASSETCATALOG_COMPILER_APPICON_NAME = AppIcon;
				CODE_SIGN_STYLE = Automatic;
				DEVELOPMENT_ASSET_PATHS = "Apod-SwiftUI/Preview\\ Content";
				DEVELOPMENT_TEAM = 6MTC9ES4SK;
				ENABLE_PREVIEWS = YES;
				INFOPLIST_FILE = "Apod-SwiftUI/Info.plist";
				LD_RUNPATH_SEARCH_PATHS = (
					"$(inherited)",
					"@executable_path/Frameworks",
				);
				PRODUCT_BUNDLE_IDENTIFIER = "com.LASER.Apod-SwiftUI";
				PRODUCT_NAME = "$(TARGET_NAME)";
				SWIFT_VERSION = 5.0;
				TARGETED_DEVICE_FAMILY = "1,2";
			};
			name = Debug;
		};
		ECC7DF1522D4D62F00D583A1 /* Release */ = {
			isa = XCBuildConfiguration;
			buildSettings = {
				ASSETCATALOG_COMPILER_APPICON_NAME = AppIcon;
				CODE_SIGN_STYLE = Automatic;
				DEVELOPMENT_ASSET_PATHS = "Apod-SwiftUI/Preview\\ Content";
				DEVELOPMENT_TEAM = 6MTC9ES4SK;
				ENABLE_PREVIEWS = YES;
				INFOPLIST_FILE = "Apod-SwiftUI/Info.plist";
				LD_RUNPATH_SEARCH_PATHS = (
					"$(inherited)",
					"@executable_path/Frameworks",
				);
				PRODUCT_BUNDLE_IDENTIFIER = "com.LASER.Apod-SwiftUI";
				PRODUCT_NAME = "$(TARGET_NAME)";
				SWIFT_VERSION = 5.0;
				TARGETED_DEVICE_FAMILY = "1,2";
			};
			name = Release;
		};
/* End XCBuildConfiguration section */

/* Begin XCConfigurationList section */
		ECC7DEFA22D4D62B00D583A1 /* Build configuration list for PBXProject "Apod-SwiftUI" */ = {
			isa = XCConfigurationList;
			buildConfigurations = (
				ECC7DF1122D4D62F00D583A1 /* Debug */,
				ECC7DF1222D4D62F00D583A1 /* Release */,
			);
			defaultConfigurationIsVisible = 0;
			defaultConfigurationName = Release;
		};
		ECC7DF1322D4D62F00D583A1 /* Build configuration list for PBXNativeTarget "Apod-SwiftUI" */ = {
			isa = XCConfigurationList;
			buildConfigurations = (
				ECC7DF1422D4D62F00D583A1 /* Debug */,
				ECC7DF1522D4D62F00D583A1 /* Release */,
			);
			defaultConfigurationIsVisible = 0;
			defaultConfigurationName = Release;
		};
/* End XCConfigurationList section */
	};
	rootObject = ECC7DEF722D4D62B00D583A1 /* Project object */;
}
